
Microsoft Visual Studio Solution File, Format Version 12.00
# Visual Studio Version 17
VisualStudioVersion = 17.8.34316.72
MinimumVisualStudioVersion = 10.0.40219.1
Project("{FAE04EC0-301F-11D3-BF4B-00C04F79EFBC}") = "Estacionamento", "Estacionamento\Estacionamento.csproj", "{76A8BD4A-C2E6-4ABC-AF07-18AA9D7D52D7}"
EndProject
Global
	GlobalSection(SolutionConfigurationPlatforms) = preSolution
		Debug|Any CPU = Debug|Any CPU
		Release|Any CPU = Release|Any CPU
	EndGlobalSection
	GlobalSection(ProjectConfigurationPlatforms) = postSolution
		{76A8BD4A-C2E6-4ABC-AF07-18AA9D7D52D7}.Debug|Any CPU.ActiveCfg = Debug|Any CPU
		{76A8BD4A-C2E6-4ABC-AF07-18AA9D7D52D7}.Debug|Any CPU.Build.0 = Debug|Any CPU
		{76A8BD4A-C2E6-4ABC-AF07-18AA9D7D52D7}.Release|Any CPU.ActiveCfg = Release|Any CPU
		{76A8BD4A-C2E6-4ABC-AF07-18AA9D7D52D7}.Release|Any CPU.Build.0 = Release|Any CPU
	EndGlobalSection
	GlobalSection(SolutionProperties) = preSolution
		HideSolutionNode = FALSE
	EndGlobalSection
	GlobalSection(ExtensibilityGlobals) = postSolution
		SolutionGuid = {F50809BC-0A27-4490-9E4F-0292575D409E}
	EndGlobalSection
EndGlobal
